PODS:
  - Flutter (1.0.0)
  - path_provider_foundation (0.0.1):
    - Flutter
    - FlutterMacOS
  - shared_preferences_foundation (0.0.1):
    - Flutter
    - FlutterMacOS
  - url_launcher_ios (0.0.1):
    - Flutter
  - webview_flutter_wkwebview (0.0.1):
    - Flutter
  - workmanager (0.0.1):
    - Flutter

DEPENDENCIES:
  - Flutter (from `Flutter`)
  - path_provider_foundation (from `.symlinks/plugins/path_provider_foundation/darwin`)
  - shared_preferences_foundation (from `.symlinks/plugins/shared_preferences_foundation/darwin`)
  - url_launcher_ios (from `.symlinks/plugins/url_launcher_ios/ios`)
  - webview_flutter_wkwebview (from `.symlinks/plugins/webview_flutter_wkwebview/ios`)
  - workmanager (from `.symlinks/plugins/workmanager/ios`)

EXTERNAL SOURCES:
  Flutter:
    :path: Flutter
  path_provider_foundation:
    :path: ".symlinks/plugins/path_provider_foundation/darwin"
  shared_preferences_foundation:
    :path: ".symlinks/plugins/shared_preferences_foundation/darwin"
  url_launcher_ios:
    :path: ".symlinks/plugins/url_launcher_ios/ios"
  webview_flutter_wkwebview:
    :path: ".symlinks/plugins/webview_flutter_wkwebview/ios"
  workmanager:
    :path: ".symlinks/plugins/workmanager/ios"

SPEC CHECKSUMS:
  Flutter: f04841e97a9d0b0a8025694d0796dd46242b2854
  path_provider_foundation: 29f094ae23ebbca9d3d0cec13889cd9060c0e943
  shared_preferences_foundation: 5b919d13b803cadd15ed2dc053125c68730e5126
  url_launcher_ios: bbd758c6e7f9fd7b5b1d4cde34d2b95fcce5e812
  webview_flutter_wkwebview: 4f3e50f7273d31e5500066ed267e3ae4309c5ae4
  workmanager: 0afdcf5628bbde6924c21af7836fed07b42e30e6

PODFILE CHECKSUM: cc1f88378b4bfcf93a6ce00d2c587857c6008d3b

COCOAPODS: 1.11.3
